# THIS IS AN AUTOGENERATED FILE. DO NOT EDIT THIS FILE DIRECTLY.
# yarn lockfile v1


"react@file:./vendored@d77e5f65cb43947337b11c90b37a7a8b3f45575c/react":
  version "0.0.0-experimental-d77e5f65-20250204"

"use-sync-external-store@file:./vendored@d77e5f65cb43947337b11c90b37a7a8b3f45575c/use-sync-external-store":
  version "0.0.0-experimental-d77e5f65-20250204"
